
Microsoft Visual Studio Solution File, Format Version 12.00
# Visual Studio Version 17
VisualStudioVersion = 17.10.35122.118
MinimumVisualStudioVersion = 10.0.40219.1
Project("{9A19103F-16F7-4668-BE54-9A1E7A4F7556}") = "ClanChat.Desktop", "ClanChat.Desktop\ClanChat.Desktop.csproj", "{98B6C8CE-EE57-46D7-B699-91156D473CE8}"
EndProject
Project("{9A19103F-16F7-4668-BE54-9A1E7A4F7556}") = "ClanChat.API", "ClanChat.API\ClanChat.API.csproj", "{4DF5CF4F-F70D-4B11-A21B-2F75FC3E7DB5}"
EndProject
Project("{FAE04EC0-301F-11D3-BF4B-00C04F79EFBC}") = "ClanChat.Shared", "ClanChat.Shared\ClanChat.Shared.csproj", "{81B74B10-2071-4275-93F7-500BB9F40C52}"
EndProject
Global
	GlobalSection(SolutionConfigurationPlatforms) = preSolution
		Debug|Any CPU = Debug|Any CPU
		Release|Any CPU = Release|Any CPU
	EndGlobalSection
	GlobalSection(ProjectConfigurationPlatforms) = postSolution
		{98B6C8CE-EE57-46D7-B699-91156D473CE8}.Debug|Any CPU.ActiveCfg = Debug|Any CPU
		{98B6C8CE-EE57-46D7-B699-91156D473CE8}.Debug|Any CPU.Build.0 = Debug|Any CPU
		{98B6C8CE-EE57-46D7-B699-91156D473CE8}.Release|Any CPU.ActiveCfg = Release|Any CPU
		{98B6C8CE-EE57-46D7-B699-91156D473CE8}.Release|Any CPU.Build.0 = Release|Any CPU
		{4DF5CF4F-F70D-4B11-A21B-2F75FC3E7DB5}.Debug|Any CPU.ActiveCfg = Debug|Any CPU
		{4DF5CF4F-F70D-4B11-A21B-2F75FC3E7DB5}.Debug|Any CPU.Build.0 = Debug|Any CPU
		{4DF5CF4F-F70D-4B11-A21B-2F75FC3E7DB5}.Release|Any CPU.ActiveCfg = Release|Any CPU
		{4DF5CF4F-F70D-4B11-A21B-2F75FC3E7DB5}.Release|Any CPU.Build.0 = Release|Any CPU
		{81B74B10-2071-4275-93F7-500BB9F40C52}.Debug|Any CPU.ActiveCfg = Debug|Any CPU
		{81B74B10-2071-4275-93F7-500BB9F40C52}.Debug|Any CPU.Build.0 = Debug|Any CPU
		{81B74B10-2071-4275-93F7-500BB9F40C52}.Release|Any CPU.ActiveCfg = Release|Any CPU
		{81B74B10-2071-4275-93F7-500BB9F40C52}.Release|Any CPU.Build.0 = Release|Any CPU
	EndGlobalSection
	GlobalSection(SolutionProperties) = preSolution
		HideSolutionNode = FALSE
	EndGlobalSection
	GlobalSection(ExtensibilityGlobals) = postSolution
		SolutionGuid = {5CFED444-5587-45C9-8868-09F516CA72E3}
	EndGlobalSection
EndGlobal
